
Microsoft Visual Studio Solution File, Format Version 12.00
# Visual Studio Version 17
VisualStudioVersion = 17.6.33723.286
MinimumVisualStudioVersion = 10.0.40219.1
Project("{FAE04EC0-301F-11D3-BF4B-00C04F79EFBC}") = "Project", "Project\Project.csproj", "{8D1ED627-4444-445E-B433-079AE2264D9B}"
EndProject
Global
	GlobalSection(SolutionConfigurationPlatforms) = preSolution
		Debug|Any CPU = Debug|Any CPU
		Release|Any CPU = Release|Any CPU
	EndGlobalSection
	GlobalSection(ProjectConfigurationPlatforms) = postSolution
		{8D1ED627-4444-445E-B433-079AE2264D9B}.Debug|Any CPU.ActiveCfg = Debug|Any CPU
		{8D1ED627-4444-445E-B433-079AE2264D9B}.Debug|Any CPU.Build.0 = Debug|Any CPU
		{8D1ED627-4444-445E-B433-079AE2264D9B}.Release|Any CPU.ActiveCfg = Release|Any CPU
		{8D1ED627-4444-445E-B433-079AE2264D9B}.Release|Any CPU.Build.0 = Release|Any CPU
	EndGlobalSection
	GlobalSection(SolutionProperties) = preSolution
		HideSolutionNode = FALSE
	EndGlobalSection
	GlobalSection(ExtensibilityGlobals) = postSolution
		SolutionGuid = {CDCB874D-0F29-4EC1-B06B-5C0BEB6FD563}
	EndGlobalSection
EndGlobal
